// !$*UTF8*$!
{
	archiveVersion = 1;
	classes = {
	};
	objectVersion = 77;
	objects = {

/* Begin PBXContainerItemProxy section */
		624AE0262E6DE60200F7A5AD /* PBXContainerItemProxy */ = {
			isa = PBXContainerItemProxy;
			containerPortal = 624AE0102E6DE60100F7A5AD /* Project object */;
			proxyType = 1;
			remoteGlobalIDString = 624AE0172E6DE60100F7A5AD;
			remoteInfo = SongsterrLoopDemo;
		};
		624AE0302E6DE60200F7A5AD /* PBXContainerItemProxy */ = {
			isa = PBXContainerItemProxy;
			containerPortal = 624AE0102E6DE60100F7A5AD /* Project object */;
			proxyType = 1;
			remoteGlobalIDString = 624AE0172E6DE60100F7A5AD;
			remoteInfo = SongsterrLoopDemo;
		};
/* End PBXContainerItemProxy section */

/* Begin PBXFileReference section */
		624AE0182E6DE60100F7A5AD /* SongsterrLoopDemo.app */ = {isa = PBXFileReference; explicitFileType = wrapper.application; includeInIndex = 0; path = SongsterrLoopDemo.app; sourceTree = BUILT_PRODUCTS_DIR; };
		624AE0252E6DE60200F7A5AD /* SongsterrLoopDemoTests.xctest */ = {isa = PBXFileReference; explicitFileType = wrapper.cfbundle; includeInIndex = 0; path = SongsterrLoopDemoTests.xctest; sourceTree = BUILT_PRODUCTS_DIR; };
		624AE02F2E6DE60200F7A5AD /* SongsterrLoopDemoUITests.xctest */ = {isa = PBXFileReference; explicitFileType = wrapper.cfbundle; includeInIndex = 0; path = SongsterrLoopDemoUITests.xctest; sourceTree = BUILT_PRODUCTS_DIR; };
/* End PBXFileReference section */

/* Begin PBXFileSystemSynchronizedRootGroup section */
		624AE01A2E6DE60100F7A5AD /* SongsterrLoopDemo */ = {
			isa = PBXFileSystemSynchronizedRootGroup;
			path = SongsterrLoopDemo;
			sourceTree = "<group>";
		};
		624AE0282E6DE60200F7A5AD /* SongsterrLoopDemoTests */ = {
			isa = PBXFileSystemSynchronizedRootGroup;
			path = SongsterrLoopDemoTests;
			sourceTree = "<group>";
		};
		624AE0322E6DE60200F7A5AD /* SongsterrLoopDemoUITests */ = {
			isa = PBXFileSystemSynchronizedRootGroup;
			path = SongsterrLoopDemoUITests;
			sourceTree = "<group>";
		};
/* End PBXFileSystemSynchronizedRootGroup section */

/* Begin PBXFrameworksBuildPhase section */
		624AE0152E6DE60100F7A5AD /* Frameworks */ = {
			isa = PBXFrameworksBuildPhase;
			buildActionMask = 2147483647;
			files = (
			);
			runOnlyForDeploymentPostprocessing = 0;
		};
		624AE0222E6DE60200F7A5AD /* Frameworks */ = {
			isa = PBXFrameworksBuildPhase;
			buildActionMask = 2147483647;
			files = (
			);
			runOnlyForDeploymentPostprocessing = 0;
		};
		624AE02C2E6DE60200F7A5AD /* Frameworks */ = {
			isa = PBXFrameworksBuildPhase;
			buildActionMask = 2147483647;
			files = (
			);
			runOnlyForDeploymentPostprocessing = 0;
		};
/* End PBXFrameworksBuildPhase section */

/* Begin PBXGroup section */
		624AE00F2E6DE60100F7A5AD = {
			isa = PBXGroup;
			children = (
				624AE01A2E6DE60100F7A5AD /* SongsterrLoopDemo */,
				624AE0282E6DE60200F7A5AD /* SongsterrLoopDemoTests */,
				624AE0322E6DE60200F7A5AD /* SongsterrLoopDemoUITests */,
				624AE0192E6DE60100F7A5AD /* Products */,
			);
			sourceTree = "<group>";
		};
		624AE0192E6DE60100F7A5AD /* Products */ = {
			isa = PBXGroup;
			children = (
				624AE0182E6DE60100F7A5AD /* SongsterrLoopDemo.app */,
				624AE0252E6DE60200F7A5AD /* SongsterrLoopDemoTests.xctest */,
				624AE02F2E6DE60200F7A5AD /* SongsterrLoopDemoUITests.xctest */,
			);
			name = Products;
			sourceTree = "<group>";
		};
/* End PBXGroup section */

/* Begin PBXNativeTarget section */
		624AE0172E6DE60100F7A5AD /* SongsterrLoopDemo */ = {
			isa = PBXNativeTarget;
			buildConfigurationList = 624AE0392E6DE60200F7A5AD /* Build configuration list for PBXNativeTarget "SongsterrLoopDemo" */;
			buildPhases = (
				624AE0142E6DE60100F7A5AD /* Sources */,
				624AE0152E6DE60100F7A5AD /* Frameworks */,
				624AE0162E6DE60100F7A5AD /* Resources */,
			);
			buildRules = (
			);
			dependencies = (
			);
			fileSystemSynchronizedGroups = (
				624AE01A2E6DE60100F7A5AD /* SongsterrLoopDemo */,
			);
			name = SongsterrLoopDemo;
			packageProductDependencies = (
			);
			productName = SongsterrLoopDemo;
			productReference = 624AE0182E6DE60100F7A5AD /* SongsterrLoopDemo.app */;
			productType = "com.apple.product-type.application";
		};
		624AE0242E6DE60200F7A5AD /* SongsterrLoopDemoTests */ = {
			isa = PBXNativeTarget;
			buildConfigurationList = 624AE03C2E6DE60200F7A5AD /* Build configuration list for PBXNativeTarget "SongsterrLoopDemoTests" */;
			buildPhases = (
				624AE0212E6DE60200F7A5AD /* Sources */,
				624AE0222E6DE60200F7A5AD /* Frameworks */,
				624AE0232E6DE60200F7A5AD /* Resources */,
			);
			buildRules = (
			);
			dependencies = (
				624AE0272E6DE60200F7A5AD /* PBXTargetDependency */,
			);
			fileSystemSynchronizedGroups = (
				624AE0282E6DE60200F7A5AD /* SongsterrLoopDemoTests */,
			);
			name = SongsterrLoopDemoTests;
			packageProductDependencies = (
			);
			productName = SongsterrLoopDemoTests;
			productReference = 624AE0252E6DE60200F7A5AD /* SongsterrLoopDemoTests.xctest */;
			productType = "com.apple.product-type.bundle.unit-test";
		};
		624AE02E2E6DE60200F7A5AD /* SongsterrLoopDemoUITests */ = {
			isa = PBXNativeTarget;
			buildConfigurationList = 624AE03F2E6DE60200F7A5AD /* Build configuration list for PBXNativeTarget "SongsterrLoopDemoUITests" */;
			buildPhases = (
				624AE02B2E6DE60200F7A5AD /* Sources */,
				624AE02C2E6DE60200F7A5AD /* Frameworks */,
				624AE02D2E6DE60200F7A5AD /* Resources */,
			);
			buildRules = (
			);
			dependencies = (
				624AE0312E6DE60200F7A5AD /* PBXTargetDependency */,
			);
			fileSystemSynchronizedGroups = (
				624AE0322E6DE60200F7A5AD /* SongsterrLoopDemoUITests */,
			);
			name = SongsterrLoopDemoUITests;
			packageProductDependencies = (
			);
			productName = SongsterrLoopDemoUITests;
			productReference = 624AE02F2E6DE60200F7A5AD /* SongsterrLoopDemoUITests.xctest */;
			productType = "com.apple.product-type.bundle.ui-testing";
		};
/* End PBXNativeTarget section */

/* Begin PBXProject section */
		624AE0102E6DE60100F7A5AD /* Project object */ = {
			isa = PBXProject;
			attributes = {
				BuildIndependentTargetsInParallel = 1;
				LastSwiftUpdateCheck = 1640;
				LastUpgradeCheck = 1640;
				TargetAttributes = {
					624AE0172E6DE60100F7A5AD = {
						CreatedOnToolsVersion = 16.4;
					};
					624AE0242E6DE60200F7A5AD = {
						CreatedOnToolsVersion = 16.4;
						TestTargetID = 624AE0172E6DE60100F7A5AD;
					};
					624AE02E2E6DE60200F7A5AD = {
						CreatedOnToolsVersion = 16.4;
						TestTargetID = 624AE0172E6DE60100F7A5AD;
					};
				};
			};
			buildConfigurationList = 624AE0132E6DE60100F7A5AD /* Build configuration list for PBXProject "SongsterrLoopDemo" */;
			developmentRegion = en;
			hasScannedForEncodings = 0;
			knownRegions = (
				en,
				Base,
			);
			mainGroup = 624AE00F2E6DE60100F7A5AD;
			minimizedProjectReferenceProxies = 1;
			preferredProjectObjectVersion = 77;
			productRefGroup = 624AE0192E6DE60100F7A5AD /* Products */;
			projectDirPath = "";
			projectRoot = "";
			targets = (
				624AE0172E6DE60100F7A5AD /* SongsterrLoopDemo */,
				624AE0242E6DE60200F7A5AD /* SongsterrLoopDemoTests */,
				624AE02E2E6DE60200F7A5AD /* SongsterrLoopDemoUITests */,
			);
		};
/* End PBXProject section */

/* Begin PBXResourcesBuildPhase section */
		624AE0162E6DE60100F7A5AD /* Resources */ = {
			isa = PBXResourcesBuildPhase;
			buildActionMask = 2147483647;
			files = (
			);
			runOnlyForDeploymentPostprocessing = 0;
		};
		624AE0232E6DE60200F7A5AD /* Resources */ = {
			isa = PBXResourcesBuildPhase;
			buildActionMask = 2147483647;
			files = (
			);
			runOnlyForDeploymentPostprocessing = 0;
		};
		624AE02D2E6DE60200F7A5AD /* Resources */ = {
			isa = PBXResourcesBuildPhase;
			buildActionMask = 2147483647;
			files = (
			);
			runOnlyForDeploymentPostprocessing = 0;
		};
/* End PBXResourcesBuildPhase section */

/* Begin PBXSourcesBuildPhase section */
		624AE0142E6DE60100F7A5AD /* Sources */ = {
			isa = PBXSourcesBuildPhase;
			buildActionMask = 2147483647;
			files = (
			);
			runOnlyForDeploymentPostprocessing = 0;
		};
		624AE0212E6DE60200F7A5AD /* Sources */ = {
			isa = PBXSourcesBuildPhase;
			buildActionMask = 2147483647;
			files = (
			);
			runOnlyForDeploymentPostprocessing = 0;
		};
		624AE02B2E6DE60200F7A5AD /* Sources */ = {
			isa = PBXSourcesBuildPhase;
			buildActionMask = 2147483647;
			files = (
			);
			runOnlyForDeploymentPostprocessing = 0;
		};
/* End PBXSourcesBuildPhase section */

/* Begin PBXTargetDependency section */
		624AE0272E6DE60200F7A5AD /* PBXTargetDependency */ = {
			isa = PBXTargetDependency;
			target = 624AE0172E6DE60100F7A5AD /* SongsterrLoopDemo */;
			targetProxy = 624AE0262E6DE60200F7A5AD /* PBXContainerItemProxy */;
		};
		624AE0312E6DE60200F7A5AD /* PBXTargetDependency */ = {
			isa = PBXTargetDependency;
			target = 624AE0172E6DE60100F7A5AD /* SongsterrLoopDemo */;
			targetProxy = 624AE0302E6DE60200F7A5AD /* PBXContainerItemProxy */;
		};
/* End PBXTargetDependency section */

/* Begin XCBuildConfiguration section */
		624AE0372E6DE60200F7A5AD /* Debug */ = {
			isa = XCBuildConfiguration;
			buildSettings = {
				ALWAYS_SEARCH_USER_PATHS = NO;
				ASSETCATALOG_COMPILER_GENERATE_SWIFT_ASSET_SYMBOL_EXTENSIONS = YES;
				CLANG_ANALYZER_NONNULL = YES;
				CLANG_ANALYZER_NUMBER_OBJECT_CONVERSION = YES_AGGRESSIVE;
				CLANG_CXX_LANGUAGE_STANDARD = "gnu++20";
				CLANG_ENABLE_MODULES = YES;
				CLANG_ENABLE_OBJC_ARC = YES;
				CLANG_ENABLE_OBJC_WEAK = YES;
				CLANG_WARN_BLOCK_CAPTURE_AUTORELEASING = YES;
				CLANG_WARN_BOOL_CONVERSION = YES;
				CLANG_WARN_COMMA = YES;
				CLANG_WARN_CONSTANT_CONVERSION = YES;
				CLANG_WARN_DEPRECATED_OBJC_IMPLEMENTATIONS = YES;
				CLANG_WARN_DIRECT_OBJC_ISA_USAGE = YES_ERROR;
				CLANG_WARN_DOCUMENTATION_COMMENTS = YES;
				CLANG_WARN_EMPTY_BODY = YES;
				CLANG_WARN_ENUM_CONVERSION = YES;
				CLANG_WARN_INFINITE_RECURSION = YES;
				CLANG_WARN_INT_CONVERSION = YES;
				CLANG_WARN_NON_LITERAL_NULL_CONVERSION = YES;
				CLANG_WARN_OBJC_IMPLICIT_RETAIN_SELF = YES;
				CLANG_WARN_OBJC_LITERAL_CONVERSION = YES;
				CLANG_WARN_OBJC_ROOT_CLASS = YES_ERROR;
				CLANG_WARN_QUOTED_INCLUDE_IN_FRAMEWORK_HEADER = YES;
				CLANG_WARN_RANGE_LOOP_ANALYSIS = YES;
				CLANG_WARN_STRICT_PROTOTYPES = YES;
				CLANG_WARN_SUSPICIOUS_MOVE = YES;
				CLANG_WARN_UNGUARDED_AVAILABILITY = YES_AGGRESSIVE;
				CLANG_WARN_UNREACHABLE_CODE = YES;
				CLANG_WARN__DUPLICATE_METHOD_MATCH = YES;
				COPY_PHASE_STRIP = NO;
				DEBUG_INFORMATION_FORMAT = dwarf;
				DEVELOPMENT_TEAM = C5B4S79D6V;
				ENABLE_STRICT_OBJC_MSGSEND = YES;
				ENABLE_TESTABILITY = YES;
				ENABLE_USER_SCRIPT_SANDBOXING = YES;
				GCC_C_LANGUAGE_STANDARD = gnu17;
				GCC_DYNAMIC_NO_PIC = NO;
				GCC_NO_COMMON_BLOCKS = YES;
				GCC_OPTIMIZATION_LEVEL = 0;
				GCC_PREPROCESSOR_DEFINITIONS = (
					"DEBUG=1",
					"$(inherited)",
				);
				GCC_WARN_64_TO_32_BIT_CONVERSION = YES;
				GCC_WARN_ABOUT_RETURN_TYPE = YES_ERROR;
				GCC_WARN_UNDECLARED_SELECTOR = YES;
				GCC_WARN_UNINITIALIZED_AUTOS = YES_AGGRESSIVE;
				GCC_WARN_UNUSED_FUNCTION = YES;
				GCC_WARN_UNUSED_VARIABLE = YES;
				IPHONEOS_DEPLOYMENT_TARGET = 18.5;
				LOCALIZATION_PREFERS_STRING_CATALOGS = YES;
				MTL_ENABLE_DEBUG_INFO = INCLUDE_SOURCE;
				MTL_FAST_MATH = YES;
				ONLY_ACTIVE_ARCH = YES;
				SDKROOT = iphoneos;
				SWIFT_ACTIVE_COMPILATION_CONDITIONS = "DEBUG $(inherited)";
				SWIFT_OPTIMIZATION_LEVEL = "-Onone";
			};
			name = Debug;
		};
		624AE0382E6DE60200F7A5AD /* Release */ = {
			isa = XCBuildConfiguration;
			buildSettings = {
				ALWAYS_SEARCH_USER_PATHS = NO;
				ASSETCATALOG_COMPILER_GENERATE_SWIFT_ASSET_SYMBOL_EXTENSIONS = YES;
				CLANG_ANALYZER_NONNULL = YES;
				CLANG_ANALYZER_NUMBER_OBJECT_CONVERSION = YES_AGGRESSIVE;
				CLANG_CXX_LANGUAGE_STANDARD = "gnu++20";
				CLANG_ENABLE_MODULES = YES;
				CLANG_ENABLE_OBJC_ARC = YES;
				CLANG_ENABLE_OBJC_WEAK = YES;
				CLANG_WARN_BLOCK_CAPTURE_AUTORELEASING = YES;
				CLANG_WARN_BOOL_CONVERSION = YES;
				CLANG_WARN_COMMA = YES;
				CLANG_WARN_CONSTANT_CONVERSION = YES;
				CLANG_WARN_DEPRECATED_OBJC_IMPLEMENTATIONS = YES;
				CLANG_WARN_DIRECT_OBJC_ISA_USAGE = YES_ERROR;
				CLANG_WARN_DOCUMENTATION_COMMENTS = YES;
				CLANG_WARN_EMPTY_BODY = YES;
				CLANG_WARN_ENUM_CONVERSION = YES;
				CLANG_WARN_INFINITE_RECURSION = YES;
				CLANG_WARN_INT_CONVERSION = YES;
				CLANG_WARN_NON_LITERAL_NULL_CONVERSION = YES;
				CLANG_WARN_OBJC_IMPLICIT_RETAIN_SELF = YES;
				CLANG_WARN_OBJC_LITERAL_CONVERSION = YES;
				CLANG_WARN_OBJC_ROOT_CLASS = YES_ERROR;
				CLANG_WARN_QUOTED_INCLUDE_IN_FRAMEWORK_HEADER = YES;
				CLANG_WARN_RANGE_LOOP_ANALYSIS = YES;
				CLANG_WARN_STRICT_PROTOTYPES = YES;
				CLANG_WARN_SUSPICIOUS_MOVE = YES;
				CLANG_WARN_UNGUARDED_AVAILABILITY = YES_AGGRESSIVE;
				CLANG_WARN_UNREACHABLE_CODE = YES;
				CLANG_WARN__DUPLICATE_METHOD_MATCH = YES;
				COPY_PHASE_STRIP = NO;
				DEBUG_INFORMATION_FORMAT = "dwarf-with-dsym";
				DEVELOPMENT_TEAM = C5B4S79D6V;
				ENABLE_NS_ASSERTIONS = NO;
				ENABLE_STRICT_OBJC_MSGSEND = YES;
				ENABLE_USER_SCRIPT_SANDBOXING = YES;
				GCC_C_LANGUAGE_STANDARD = gnu17;
				GCC_NO_COMMON_BLOCKS = YES;
				GCC_WARN_64_TO_32_BIT_CONVERSION = YES;
				GCC_WARN_ABOUT_RETURN_TYPE = YES_ERROR;
				GCC_WARN_UNDECLARED_SELECTOR = YES;
				GCC_WARN_UNINITIALIZED_AUTOS = YES_AGGRESSIVE;
				GCC_WARN_UNUSED_FUNCTION = YES;
				GCC_WARN_UNUSED_VARIABLE = YES;
				IPHONEOS_DEPLOYMENT_TARGET = 18.5;
				LOCALIZATION_PREFERS_STRING_CATALOGS = YES;
				MTL_ENABLE_DEBUG_INFO = NO;
				MTL_FAST_MATH = YES;
				SDKROOT = iphoneos;
				SWIFT_COMPILATION_MODE = wholemodule;
				VALIDATE_PRODUCT = YES;
			};
			name = Release;
		};
		624AE03A2E6DE60200F7A5AD /* Debug */ = {
			isa = XCBuildConfiguration;
			buildSettings = {
				ASSETCATALOG_COMPILER_APPICON_NAME = AppIcon;
				ASSETCATALOG_COMPILER_GLOBAL_ACCENT_COLOR_NAME = AccentColor;
				CODE_SIGN_STYLE = Automatic;
				CURRENT_PROJECT_VERSION = 1;
				DEVELOPMENT_TEAM = C5B4S79D6V;
				ENABLE_PREVIEWS = YES;
				GENERATE_INFOPLIST_FILE = YES;
				INFOPLIST_KEY_UIApplicationSceneManifest_Generation = YES;
				INFOPLIST_KEY_UIApplicationSupportsIndirectInputEvents = YES;
				INFOPLIST_KEY_UILaunchScreen_Generation = YES;
				INFOPLIST_KEY_UISupportedInterfaceOrientations_iPad = "UIInterfaceOrientationPortrait UIInterfaceOrientationPortraitUpsideDown UIInterfaceOrientationLandscapeLeft UIInterfaceOrientationLandscapeRight";
				INFOPLIST_KEY_UISupportedInterfaceOrientations_iPhone = "UIInterfaceOrientationPortrait UIInterfaceOrientationLandscapeLeft UIInterfaceOrientationLandscapeRight";
				LD_RUNPATH_SEARCH_PATHS = (
					"$(inherited)",
					"@executable_path/Frameworks",
				);
				MARKETING_VERSION = 1.0;
				PRODUCT_BUNDLE_IDENTIFIER = com.hamsternik.SongsterrLoopDemo;
				PRODUCT_NAME = "$(TARGET_NAME)";
				SWIFT_EMIT_LOC_STRINGS = YES;
				SWIFT_VERSION = 5.0;
				TARGETED_DEVICE_FAMILY = "1,2";
			};
			name = Debug;
		};
		624AE03B2E6DE60200F7A5AD /* Release */ = {
			isa = XCBuildConfiguration;
			buildSettings = {
				ASSETCATALOG_COMPILER_APPICON_NAME = AppIcon;
				ASSETCATALOG_COMPILER_GLOBAL_ACCENT_COLOR_NAME = AccentColor;
				CODE_SIGN_STYLE = Automatic;
				CURRENT_PROJECT_VERSION = 1;
				DEVELOPMENT_TEAM = C5B4S79D6V;
				ENABLE_PREVIEWS = YES;
				GENERATE_INFOPLIST_FILE = YES;
				INFOPLIST_KEY_UIApplicationSceneManifest_Generation = YES;
				INFOPLIST_KEY_UIApplicationSupportsIndirectInputEvents = YES;
				INFOPLIST_KEY_UILaunchScreen_Generation = YES;
				INFOPLIST_KEY_UISupportedInterfaceOrientations_iPad = "UIInterfaceOrientationPortrait UIInterfaceOrientationPortraitUpsideDown UIInterfaceOrientationLandscapeLeft UIInterfaceOrientationLandscapeRight";
				INFOPLIST_KEY_UISupportedInterfaceOrientations_iPhone = "UIInterfaceOrientationPortrait UIInterfaceOrientationLandscapeLeft UIInterfaceOrientationLandscapeRight";
				LD_RUNPATH_SEARCH_PATHS = (
					"$(inherited)",
					"@executable_path/Frameworks",
				);
				MARKETING_VERSION = 1.0;
				PRODUCT_BUNDLE_IDENTIFIER = com.hamsternik.SongsterrLoopDemo;
				PRODUCT_NAME = "$(TARGET_NAME)";
				SWIFT_EMIT_LOC_STRINGS = YES;
				SWIFT_VERSION = 5.0;
				TARGETED_DEVICE_FAMILY = "1,2";
			};
			name = Release;
		};
		624AE03D2E6DE60200F7A5AD /* Debug */ = {
			isa = XCBuildConfiguration;
			buildSettings = {
				BUNDLE_LOADER = "$(TEST_HOST)";
				CODE_SIGN_STYLE = Automatic;
				CURRENT_PROJECT_VERSION = 1;
				DEVELOPMENT_TEAM = C5B4S79D6V;
				GENERATE_INFOPLIST_FILE = YES;
				IPHONEOS_DEPLOYMENT_TARGET = 18.5;
				MARKETING_VERSION = 1.0;
				PRODUCT_BUNDLE_IDENTIFIER = com.hamsternik.SongsterrLoopDemoTests;
				PRODUCT_NAME = "$(TARGET_NAME)";
				SWIFT_EMIT_LOC_STRINGS = NO;
				SWIFT_VERSION = 5.0;
				TARGETED_DEVICE_FAMILY = "1,2";
				TEST_HOST = "$(BUILT_PRODUCTS_DIR)/SongsterrLoopDemo.app/$(BUNDLE_EXECUTABLE_FOLDER_PATH)/SongsterrLoopDemo";
			};
			name = Debug;
		};
		624AE03E2E6DE60200F7A5AD /* Release */ = {
			isa = XCBuildConfiguration;
			buildSettings = {
				BUNDLE_LOADER = "$(TEST_HOST)";
				CODE_SIGN_STYLE = Automatic;
				CURRENT_PROJECT_VERSION = 1;
				DEVELOPMENT_TEAM = C5B4S79D6V;
				GENERATE_INFOPLIST_FILE = YES;
				IPHONEOS_DEPLOYMENT_TARGET = 18.5;
				MARKETING_VERSION = 1.0;
				PRODUCT_BUNDLE_IDENTIFIER = com.hamsternik.SongsterrLoopDemoTests;
				PRODUCT_NAME = "$(TARGET_NAME)";
				SWIFT_EMIT_LOC_STRINGS = NO;
				SWIFT_VERSION = 5.0;
				TARGETED_DEVICE_FAMILY = "1,2";
				TEST_HOST = "$(BUILT_PRODUCTS_DIR)/SongsterrLoopDemo.app/$(BUNDLE_EXECUTABLE_FOLDER_PATH)/SongsterrLoopDemo";
			};
			name = Release;
		};
		624AE0402E6DE60200F7A5AD /* Debug */ = {
			isa = XCBuildConfiguration;
			buildSettings = {
				CODE_SIGN_STYLE = Automatic;
				CURRENT_PROJECT_VERSION = 1;
				DEVELOPMENT_TEAM = C5B4S79D6V;
				GENERATE_INFOPLIST_FILE = YES;
				MARKETING_VERSION = 1.0;
				PRODUCT_BUNDLE_IDENTIFIER = com.hamsternik.SongsterrLoopDemoUITests;
				PRODUCT_NAME = "$(TARGET_NAME)";
				SWIFT_EMIT_LOC_STRINGS = NO;
				SWIFT_VERSION = 5.0;
				TARGETED_DEVICE_FAMILY = "1,2";
				TEST_TARGET_NAME = SongsterrLoopDemo;
			};
			name = Debug;
		};
		624AE0412E6DE60200F7A5AD /* Release */ = {
			isa = XCBuildConfiguration;
			buildSettings = {
				CODE_SIGN_STYLE = Automatic;
				CURRENT_PROJECT_VERSION = 1;
				DEVELOPMENT_TEAM = C5B4S79D6V;
				GENERATE_INFOPLIST_FILE = YES;
				MARKETING_VERSION = 1.0;
				PRODUCT_BUNDLE_IDENTIFIER = com.hamsternik.SongsterrLoopDemoUITests;
				PRODUCT_NAME = "$(TARGET_NAME)";
				SWIFT_EMIT_LOC_STRINGS = NO;
				SWIFT_VERSION = 5.0;
				TARGETED_DEVICE_FAMILY = "1,2";
				TEST_TARGET_NAME = SongsterrLoopDemo;
			};
			name = Release;
		};
/* End XCBuildConfiguration section */

/* Begin XCConfigurationList section */
		624AE0132E6DE60100F7A5AD /* Build configuration list for PBXProject "SongsterrLoopDemo" */ = {
			isa = XCConfigurationList;
			buildConfigurations = (
				624AE0372E6DE60200F7A5AD /* Debug */,
				624AE0382E6DE60200F7A5AD /* Release */,
			);
			defaultConfigurationIsVisible = 0;
			defaultConfigurationName = Release;
		};
		624AE0392E6DE60200F7A5AD /* Build configuration list for PBXNativeTarget "SongsterrLoopDemo" */ = {
			isa = XCConfigurationList;
			buildConfigurations = (
				624AE03A2E6DE60200F7A5AD /* Debug */,
				624AE03B2E6DE60200F7A5AD /* Release */,
			);
			defaultConfigurationIsVisible = 0;
			defaultConfigurationName = Release;
		};
		624AE03C2E6DE60200F7A5AD /* Build configuration list for PBXNativeTarget "SongsterrLoopDemoTests" */ = {
			isa = XCConfigurationList;
			buildConfigurations = (
				624AE03D2E6DE60200F7A5AD /* Debug */,
				624AE03E2E6DE60200F7A5AD /* Release */,
			);
			defaultConfigurationIsVisible = 0;
			defaultConfigurationName = Release;
		};
		624AE03F2E6DE60200F7A5AD /* Build configuration list for PBXNativeTarget "SongsterrLoopDemoUITests" */ = {
			isa = XCConfigurationList;
			buildConfigurations = (
				624AE0402E6DE60200F7A5AD /* Debug */,
				624AE0412E6DE60200F7A5AD /* Release */,
			);
			defaultConfigurationIsVisible = 0;
			defaultConfigurationName = Release;
		};
/* End XCConfigurationList section */
	};
	rootObject = 624AE0102E6DE60100F7A5AD /* Project object */;
}
